
Microsoft Visual Studio Solution File, Format Version 12.00
# Visual Studio 15
VisualStudioVersion = 15.0.28010.2041
MinimumVisualStudioVersion = 10.0.40219.1
Project("{FAE04EC0-301F-11D3-BF4B-00C04F79EFBC}") = "materialDesignTesting", "materialDesignTesting\materialDesignTesting.csproj", "{D3CBC55B-CA65-4C76-837E-4E0D5647FC56}"
EndProject
Global
	GlobalSection(SolutionConfigurationPlatforms) = preSolution
		Debug|Any CPU = Debug|Any CPU
		Release|Any CPU = Release|Any CPU
	EndGlobalSection
	GlobalSection(ProjectConfigurationPlatforms) = postSolution
		{D3CBC55B-CA65-4C76-837E-4E0D5647FC56}.Debug|Any CPU.ActiveCfg = Debug|Any CPU
		{D3CBC55B-CA65-4C76-837E-4E0D5647FC56}.Debug|Any CPU.Build.0 = Debug|Any CPU
		{D3CBC55B-CA65-4C76-837E-4E0D5647FC56}.Release|Any CPU.ActiveCfg = Release|Any CPU
		{D3CBC55B-CA65-4C76-837E-4E0D5647FC56}.Release|Any CPU.Build.0 = Release|Any CPU
	EndGlobalSection
	GlobalSection(SolutionProperties) = preSolution
		HideSolutionNode = FALSE
	EndGlobalSection
	GlobalSection(ExtensibilityGlobals) = postSolution
		SolutionGuid = {D9D03BBC-8E22-48A5-A24A-738B0ADF6780}
	EndGlobalSection
EndGlobal
